
Microsoft Visual Studio Solution File, Format Version 12.00
# Visual Studio Version 16
VisualStudioVersion = 16.0.29519.181
MinimumVisualStudioVersion = 10.0.40219.1
Project("{FAE04EC0-301F-11D3-BF4B-00C04F79EFBC}") = "01.SimpleConsole", "01.SimpleConsole\01.SimpleConsole.csproj", "{9AC741FC-5448-4779-A66C-6BF831C9D00E}"
EndProject
Global
	GlobalSection(SolutionConfigurationPlatforms) = preSolution
		Debug|Any CPU = Debug|Any CPU
		Release|Any CPU = Release|Any CPU
	EndGlobalSection
	GlobalSection(ProjectConfigurationPlatforms) = postSolution
		{9AC741FC-5448-4779-A66C-6BF831C9D00E}.Debug|Any CPU.ActiveCfg = Debug|Any CPU
		{9AC741FC-5448-4779-A66C-6BF831C9D00E}.Debug|Any CPU.Build.0 = Debug|Any CPU
		{9AC741FC-5448-4779-A66C-6BF831C9D00E}.Release|Any CPU.ActiveCfg = Release|Any CPU
		{9AC741FC-5448-4779-A66C-6BF831C9D00E}.Release|Any CPU.Build.0 = Release|Any CPU
	EndGlobalSection
	GlobalSection(SolutionProperties) = preSolution
		HideSolutionNode = FALSE
	EndGlobalSection
	GlobalSection(ExtensibilityGlobals) = postSolution
		SolutionGuid = {7C2E7B68-CBF9-466D-8CF8-CB155C7797D8}
	EndGlobalSection
EndGlobal
