
Microsoft Visual Studio Solution File, Format Version 12.00
# Visual Studio Version 16
VisualStudioVersion = 16.0.29519.181
MinimumVisualStudioVersion = 10.0.40219.1
Project("{FAE04EC0-301F-11D3-BF4B-00C04F79EFBC}") = "01AdoNetSimpleProject", "01AdoNetSimpleProject\01AdoNetSimpleProject.csproj", "{0E22CC09-E4F4-4B38-A2C6-595B6352FDE7}"
EndProject
Project("{FAE04EC0-301F-11D3-BF4B-00C04F79EFBC}") = "02SerializationBinary", "02SerializationJson\02SerializationBinary.csproj", "{36F2F329-40F1-4405-BC44-31A8F6BC668F}"
EndProject
Project("{FAE04EC0-301F-11D3-BF4B-00C04F79EFBC}") = "03ReadSerializationBinary", "03ReadSerialization\03ReadSerializationBinary.csproj", "{3B084EBA-EDC5-41B6-BA55-163E811DFA68}"
EndProject
Project("{FAE04EC0-301F-11D3-BF4B-00C04F79EFBC}") = "04SerializationJson", "04SerializationJson\04SerializationJson.csproj", "{74937B1A-6B7B-4F91-A090-DAC64BE66754}"
EndProject
Global
	GlobalSection(SolutionConfigurationPlatforms) = preSolution
		Debug|Any CPU = Debug|Any CPU
		Release|Any CPU = Release|Any CPU
	EndGlobalSection
	GlobalSection(ProjectConfigurationPlatforms) = postSolution
		{0E22CC09-E4F4-4B38-A2C6-595B6352FDE7}.Debug|Any CPU.ActiveCfg = Debug|Any CPU
		{0E22CC09-E4F4-4B38-A2C6-595B6352FDE7}.Debug|Any CPU.Build.0 = Debug|Any CPU
		{0E22CC09-E4F4-4B38-A2C6-595B6352FDE7}.Release|Any CPU.ActiveCfg = Release|Any CPU
		{0E22CC09-E4F4-4B38-A2C6-595B6352FDE7}.Release|Any CPU.Build.0 = Release|Any CPU
		{36F2F329-40F1-4405-BC44-31A8F6BC668F}.Debug|Any CPU.ActiveCfg = Debug|Any CPU
		{36F2F329-40F1-4405-BC44-31A8F6BC668F}.Debug|Any CPU.Build.0 = Debug|Any CPU
		{36F2F329-40F1-4405-BC44-31A8F6BC668F}.Release|Any CPU.ActiveCfg = Release|Any CPU
		{36F2F329-40F1-4405-BC44-31A8F6BC668F}.Release|Any CPU.Build.0 = Release|Any CPU
		{3B084EBA-EDC5-41B6-BA55-163E811DFA68}.Debug|Any CPU.ActiveCfg = Debug|Any CPU
		{3B084EBA-EDC5-41B6-BA55-163E811DFA68}.Debug|Any CPU.Build.0 = Debug|Any CPU
		{3B084EBA-EDC5-41B6-BA55-163E811DFA68}.Release|Any CPU.ActiveCfg = Release|Any CPU
		{3B084EBA-EDC5-41B6-BA55-163E811DFA68}.Release|Any CPU.Build.0 = Release|Any CPU
		{74937B1A-6B7B-4F91-A090-DAC64BE66754}.Debug|Any CPU.ActiveCfg = Debug|Any CPU
		{74937B1A-6B7B-4F91-A090-DAC64BE66754}.Debug|Any CPU.Build.0 = Debug|Any CPU
		{74937B1A-6B7B-4F91-A090-DAC64BE66754}.Release|Any CPU.ActiveCfg = Release|Any CPU
		{74937B1A-6B7B-4F91-A090-DAC64BE66754}.Release|Any CPU.Build.0 = Release|Any CPU
	EndGlobalSection
	GlobalSection(SolutionProperties) = preSolution
		HideSolutionNode = FALSE
	EndGlobalSection
	GlobalSection(ExtensibilityGlobals) = postSolution
		SolutionGuid = {7E21598A-FFE3-4726-90D3-ED1F3E5B79B7}
	EndGlobalSection
EndGlobal
