
Microsoft Visual Studio Solution File, Format Version 12.00
# Visual Studio Version 16
VisualStudioVersion = 16.0.29519.181
MinimumVisualStudioVersion = 10.0.40219.1
Project("{FAE04EC0-301F-11D3-BF4B-00C04F79EFBC}") = "01Exception.Simple", "01Exception.Simple\01Exception.Simple.csproj", "{107CEECA-E334-414A-A849-ADBABA041D33}"
EndProject
Global
	GlobalSection(SolutionConfigurationPlatforms) = preSolution
		Debug|Any CPU = Debug|Any CPU
		Release|Any CPU = Release|Any CPU
	EndGlobalSection
	GlobalSection(ProjectConfigurationPlatforms) = postSolution
		{107CEECA-E334-414A-A849-ADBABA041D33}.Debug|Any CPU.ActiveCfg = Debug|Any CPU
		{107CEECA-E334-414A-A849-ADBABA041D33}.Debug|Any CPU.Build.0 = Debug|Any CPU
		{107CEECA-E334-414A-A849-ADBABA041D33}.Release|Any CPU.ActiveCfg = Release|Any CPU
		{107CEECA-E334-414A-A849-ADBABA041D33}.Release|Any CPU.Build.0 = Release|Any CPU
	EndGlobalSection
	GlobalSection(SolutionProperties) = preSolution
		HideSolutionNode = FALSE
	EndGlobalSection
	GlobalSection(ExtensibilityGlobals) = postSolution
		SolutionGuid = {7757D016-F4EF-47A8-8C70-C2B10F3E240C}
	EndGlobalSection
EndGlobal
