
Microsoft Visual Studio Solution File, Format Version 12.00
# Visual Studio Version 16
VisualStudioVersion = 16.0.29519.181
MinimumVisualStudioVersion = 10.0.40219.1
Project("{FAE04EC0-301F-11D3-BF4B-00C04F79EFBC}") = "Week05.Homework", "Week05.Homework\Week05.Homework.csproj", "{12632FD5-4C3B-49CE-93E5-A9451A3EA83F}"
EndProject
Project("{FAE04EC0-301F-11D3-BF4B-00C04F79EFBC}") = "Week05.OOP2.1_Interfaces", "Week05.OOP2.1_Interfaces\Week05.OOP2.1_Interfaces.csproj", "{FB9B4B69-2F9F-4FE0-8E03-E27D6E97166C}"
EndProject
Project("{FAE04EC0-301F-11D3-BF4B-00C04F79EFBC}") = "Week05.OOP2.2_Inheritance", "Week05.OOP2.2_Inheritance\Week05.OOP2.2_Inheritance.csproj", "{F53E8651-CA94-4B25-888F-877609A05A05}"
EndProject
Project("{FAE04EC0-301F-11D3-BF4B-00C04F79EFBC}") = "Week05.OOP2.3_Abstraction", "Week05.OOP2.3_Abstraction\Week05.OOP2.3_Abstraction.csproj", "{5765F9E7-8536-4D05-904F-091D37F9341D}"
EndProject
Project("{FAE04EC0-301F-11D3-BF4B-00C04F79EFBC}") = "Week05.OOP2.3_AbstractionV2", "Week05.OOP2.3_AbstractionV2\Week05.OOP2.3_AbstractionV2.csproj", "{AA01D5EA-DC76-41D3-BE2D-C1F8F2AC9E21}"
EndProject
Project("{FAE04EC0-301F-11D3-BF4B-00C04F79EFBC}") = "Week05.OOP2.4_InterfacesV2", "Week05.OOP2.4_InterfacesV2\Week05.OOP2.4_InterfacesV2.csproj", "{E6CF041D-7887-42B2-975E-2DE5E68E5661}"
EndProject
Project("{FAE04EC0-301F-11D3-BF4B-00C04F79EFBC}") = "Week05.OOP2.5_VirtualMembers", "Week05.OOP2.5_VirtualMembers\Week05.OOP2.5_VirtualMembers.csproj", "{0D4ED97B-F4B2-49B2-B87B-374F87A59A9D}"
EndProject
Project("{FAE04EC0-301F-11D3-BF4B-00C04F79EFBC}") = "Week05.OOP2.6_Encapsulation", "Week05.OOP2.5_Encapsulation\Week05.OOP2.6_Encapsulation.csproj", "{4ADB9ED4-D1F2-4EE7-8C04-4BCE65FF95CD}"
EndProject
Project("{FAE04EC0-301F-11D3-BF4B-00C04F79EFBC}") = "Week05.OOP2.6_Polymorphism", "Week05.OOP2.6_Polymorphism\Week05.OOP2.6_Polymorphism.csproj", "{AB80B53A-AE77-4644-BD38-096EB5FAAA09}"
EndProject
Global
	GlobalSection(SolutionConfigurationPlatforms) = preSolution
		Debug|Any CPU = Debug|Any CPU
		Release|Any CPU = Release|Any CPU
	EndGlobalSection
	GlobalSection(ProjectConfigurationPlatforms) = postSolution
		{12632FD5-4C3B-49CE-93E5-A9451A3EA83F}.Debug|Any CPU.ActiveCfg = Debug|Any CPU
		{12632FD5-4C3B-49CE-93E5-A9451A3EA83F}.Debug|Any CPU.Build.0 = Debug|Any CPU
		{12632FD5-4C3B-49CE-93E5-A9451A3EA83F}.Release|Any CPU.ActiveCfg = Release|Any CPU
		{12632FD5-4C3B-49CE-93E5-A9451A3EA83F}.Release|Any CPU.Build.0 = Release|Any CPU
		{FB9B4B69-2F9F-4FE0-8E03-E27D6E97166C}.Debug|Any CPU.ActiveCfg = Debug|Any CPU
		{FB9B4B69-2F9F-4FE0-8E03-E27D6E97166C}.Debug|Any CPU.Build.0 = Debug|Any CPU
		{FB9B4B69-2F9F-4FE0-8E03-E27D6E97166C}.Release|Any CPU.ActiveCfg = Release|Any CPU
		{FB9B4B69-2F9F-4FE0-8E03-E27D6E97166C}.Release|Any CPU.Build.0 = Release|Any CPU
		{F53E8651-CA94-4B25-888F-877609A05A05}.Debug|Any CPU.ActiveCfg = Debug|Any CPU
		{F53E8651-CA94-4B25-888F-877609A05A05}.Debug|Any CPU.Build.0 = Debug|Any CPU
		{F53E8651-CA94-4B25-888F-877609A05A05}.Release|Any CPU.ActiveCfg = Release|Any CPU
		{F53E8651-CA94-4B25-888F-877609A05A05}.Release|Any CPU.Build.0 = Release|Any CPU
		{5765F9E7-8536-4D05-904F-091D37F9341D}.Debug|Any CPU.ActiveCfg = Debug|Any CPU
		{5765F9E7-8536-4D05-904F-091D37F9341D}.Debug|Any CPU.Build.0 = Debug|Any CPU
		{5765F9E7-8536-4D05-904F-091D37F9341D}.Release|Any CPU.ActiveCfg = Release|Any CPU
		{5765F9E7-8536-4D05-904F-091D37F9341D}.Release|Any CPU.Build.0 = Release|Any CPU
		{AA01D5EA-DC76-41D3-BE2D-C1F8F2AC9E21}.Debug|Any CPU.ActiveCfg = Debug|Any CPU
		{AA01D5EA-DC76-41D3-BE2D-C1F8F2AC9E21}.Debug|Any CPU.Build.0 = Debug|Any CPU
		{AA01D5EA-DC76-41D3-BE2D-C1F8F2AC9E21}.Release|Any CPU.ActiveCfg = Release|Any CPU
		{AA01D5EA-DC76-41D3-BE2D-C1F8F2AC9E21}.Release|Any CPU.Build.0 = Release|Any CPU
		{E6CF041D-7887-42B2-975E-2DE5E68E5661}.Debug|Any CPU.ActiveCfg = Debug|Any CPU
		{E6CF041D-7887-42B2-975E-2DE5E68E5661}.Debug|Any CPU.Build.0 = Debug|Any CPU
		{E6CF041D-7887-42B2-975E-2DE5E68E5661}.Release|Any CPU.ActiveCfg = Release|Any CPU
		{E6CF041D-7887-42B2-975E-2DE5E68E5661}.Release|Any CPU.Build.0 = Release|Any CPU
		{0D4ED97B-F4B2-49B2-B87B-374F87A59A9D}.Debug|Any CPU.ActiveCfg = Debug|Any CPU
		{0D4ED97B-F4B2-49B2-B87B-374F87A59A9D}.Debug|Any CPU.Build.0 = Debug|Any CPU
		{0D4ED97B-F4B2-49B2-B87B-374F87A59A9D}.Release|Any CPU.ActiveCfg = Release|Any CPU
		{0D4ED97B-F4B2-49B2-B87B-374F87A59A9D}.Release|Any CPU.Build.0 = Release|Any CPU
		{4ADB9ED4-D1F2-4EE7-8C04-4BCE65FF95CD}.Debug|Any CPU.ActiveCfg = Debug|Any CPU
		{4ADB9ED4-D1F2-4EE7-8C04-4BCE65FF95CD}.Debug|Any CPU.Build.0 = Debug|Any CPU
		{4ADB9ED4-D1F2-4EE7-8C04-4BCE65FF95CD}.Release|Any CPU.ActiveCfg = Release|Any CPU
		{4ADB9ED4-D1F2-4EE7-8C04-4BCE65FF95CD}.Release|Any CPU.Build.0 = Release|Any CPU
		{AB80B53A-AE77-4644-BD38-096EB5FAAA09}.Debug|Any CPU.ActiveCfg = Debug|Any CPU
		{AB80B53A-AE77-4644-BD38-096EB5FAAA09}.Debug|Any CPU.Build.0 = Debug|Any CPU
		{AB80B53A-AE77-4644-BD38-096EB5FAAA09}.Release|Any CPU.ActiveCfg = Release|Any CPU
		{AB80B53A-AE77-4644-BD38-096EB5FAAA09}.Release|Any CPU.Build.0 = Release|Any CPU
	EndGlobalSection
	GlobalSection(SolutionProperties) = preSolution
		HideSolutionNode = FALSE
	EndGlobalSection
	GlobalSection(ExtensibilityGlobals) = postSolution
		SolutionGuid = {6F5BCA69-EF2F-4EBD-A2F8-26777F3C1931}
	EndGlobalSection
EndGlobal
